
Microsoft Visual Studio Solution File, Format Version 12.00
# Visual Studio 15
VisualStudioVersion = 15.0.28307.645
MinimumVisualStudioVersion = 10.0.40219.1
Project("{9A19103F-16F7-4668-BE54-9A1E7A4F7556}") = "WebAPI", "WebAPI\WebAPI.csproj", "{EDF00B54-10E7-4EEB-AB43-0FD4E6D98572}"
EndProject
Project("{9A19103F-16F7-4668-BE54-9A1E7A4F7556}") = "Model", "Model\Model.csproj", "{5F4282A2-D649-41DE-83B3-526CCFC7115B}"
EndProject
Project("{9A19103F-16F7-4668-BE54-9A1E7A4F7556}") = "Service", "Service\Service.csproj", "{F116EB27-57EA-4082-8CC0-CBDEA20D61D9}"
EndProject
Project("{9A19103F-16F7-4668-BE54-9A1E7A4F7556}") = "Persistence", "Persistence\Persistence.csproj", "{79695F81-EC4F-4DD4-B210-313277F31C3F}"
EndProject
Project("{2150E333-8FDC-42A3-9474-1A3956D46DE8}") = "Solution Items", "Solution Items", "{4BC1EB95-2270-4F74-A113-5B9A6173EEA2}"
	ProjectSection(SolutionItems) = preProject
		SwaggerConfiguration.cs = SwaggerConfiguration.cs
	EndProjectSection
EndProject
Global
	GlobalSection(SolutionConfigurationPlatforms) = preSolution
		Debug|Any CPU = Debug|Any CPU
		Release|Any CPU = Release|Any CPU
	EndGlobalSection
	GlobalSection(ProjectConfigurationPlatforms) = postSolution
		{EDF00B54-10E7-4EEB-AB43-0FD4E6D98572}.Debug|Any CPU.ActiveCfg = Debug|Any CPU
		{EDF00B54-10E7-4EEB-AB43-0FD4E6D98572}.Debug|Any CPU.Build.0 = Debug|Any CPU
		{EDF00B54-10E7-4EEB-AB43-0FD4E6D98572}.Release|Any CPU.ActiveCfg = Release|Any CPU
		{EDF00B54-10E7-4EEB-AB43-0FD4E6D98572}.Release|Any CPU.Build.0 = Release|Any CPU
		{5F4282A2-D649-41DE-83B3-526CCFC7115B}.Debug|Any CPU.ActiveCfg = Debug|Any CPU
		{5F4282A2-D649-41DE-83B3-526CCFC7115B}.Debug|Any CPU.Build.0 = Debug|Any CPU
		{5F4282A2-D649-41DE-83B3-526CCFC7115B}.Release|Any CPU.ActiveCfg = Release|Any CPU
		{5F4282A2-D649-41DE-83B3-526CCFC7115B}.Release|Any CPU.Build.0 = Release|Any CPU
		{F116EB27-57EA-4082-8CC0-CBDEA20D61D9}.Debug|Any CPU.ActiveCfg = Debug|Any CPU
		{F116EB27-57EA-4082-8CC0-CBDEA20D61D9}.Debug|Any CPU.Build.0 = Debug|Any CPU
		{F116EB27-57EA-4082-8CC0-CBDEA20D61D9}.Release|Any CPU.ActiveCfg = Release|Any CPU
		{F116EB27-57EA-4082-8CC0-CBDEA20D61D9}.Release|Any CPU.Build.0 = Release|Any CPU
		{79695F81-EC4F-4DD4-B210-313277F31C3F}.Debug|Any CPU.ActiveCfg = Debug|Any CPU
		{79695F81-EC4F-4DD4-B210-313277F31C3F}.Debug|Any CPU.Build.0 = Debug|Any CPU
		{79695F81-EC4F-4DD4-B210-313277F31C3F}.Release|Any CPU.ActiveCfg = Release|Any CPU
		{79695F81-EC4F-4DD4-B210-313277F31C3F}.Release|Any CPU.Build.0 = Release|Any CPU
	EndGlobalSection
	GlobalSection(SolutionProperties) = preSolution
		HideSolutionNode = FALSE
	EndGlobalSection
	GlobalSection(ExtensibilityGlobals) = postSolution
		SolutionGuid = {0DD9F4FC-F1F1-459B-871F-7AE0B40065E3}
	EndGlobalSection
EndGlobal
